
Microsoft Visual Studio Solution File, Format Version 12.00
# Visual Studio Version 17
VisualStudioVersion = 17.4.33213.308
MinimumVisualStudioVersion = 10.0.40219.1
Project("{9A19103F-16F7-4668-BE54-9A1E7A4F7556}") = "WebApiPovezivanje", "WebApiPovezivanje\WebApiPovezivanje.csproj", "{14036A57-F828-4B2E-A533-0D0A8B87FB37}"
EndProject
Global
	GlobalSection(SolutionConfigurationPlatforms) = preSolution
		Debug|Any CPU = Debug|Any CPU
		Release|Any CPU = Release|Any CPU
	EndGlobalSection
	GlobalSection(ProjectConfigurationPlatforms) = postSolution
		{14036A57-F828-4B2E-A533-0D0A8B87FB37}.Debug|Any CPU.ActiveCfg = Debug|Any CPU
		{14036A57-F828-4B2E-A533-0D0A8B87FB37}.Debug|Any CPU.Build.0 = Debug|Any CPU
		{14036A57-F828-4B2E-A533-0D0A8B87FB37}.Release|Any CPU.ActiveCfg = Release|Any CPU
		{14036A57-F828-4B2E-A533-0D0A8B87FB37}.Release|Any CPU.Build.0 = Release|Any CPU
	EndGlobalSection
	GlobalSection(SolutionProperties) = preSolution
		HideSolutionNode = FALSE
	EndGlobalSection
	GlobalSection(ExtensibilityGlobals) = postSolution
		SolutionGuid = {ABF85692-633A-4674-B293-9D55C4D32661}
	EndGlobalSection
EndGlobal
